{
  "originHash" : "9dd38f857db7479f1816015771b37a83ed7849590400ca2677a9c5f1b5014407",
  "pins" : [
    {
      "identity" : "meta-wearables-dat-ios",
      "kind" : "remoteSourceControl",
      "location" : "https://github.com/facebook/meta-wearables-dat-ios",
      "state" : {
        "revision" : "b67454b6f081373f757476ecb3b4973bf33bc326",
        "version" : "0.4.0"
      }
    }
  ],
  "version" : 3
}
